<Solution>
  <Project Path="ParadoxNotion.FlowCanvas.csproj" />
  <Project Path="Unity.Timeline.csproj" />
  <Project Path="Unity.RenderPipelines.Universal.Editor.csproj" />
  <Project Path="Unity.Timeline.Editor.csproj" />
  <Project Path="Unity.InputSystem.csproj" />
  <Project Path="Unity.ShaderGraph.Editor.csproj" />
  <Project Path="Unity.TextMeshPro.Editor.csproj" />
  <Project Path="ParadoxNotion.csproj" />
  <Project Path="Zenject.csproj" />
  <Project Path="Assembly-CSharp.csproj" />
  <Project Path="Unity.RenderPipelines.Universal.Runtime.csproj" />
  <Project Path="UnityEditor.UI.csproj" />
  <Project Path="SolidUtilities.csproj" />
  <Project Path="Unity.RenderPipelines.Core.Runtime.csproj" />
  <Project Path="Zenject-UnitTests-Editor.csproj" />
  <Project Path="Zenject-IntegrationTests.csproj" />
  <Project Path="Unity.Mathematics.csproj" />
  <Project Path="Unity.RenderPipelines.Core.Editor.csproj" />
  <Project Path="UnityEditor.TestRunner.csproj" />
  <Project Path="ParadoxNotion.NodeCanvas.csproj" />
  <Project Path="UniRx.csproj" />
  <Project Path="Zenject-IntegrationTests-Editor.csproj" />
  <Project Path="UnityEngine.TestRunner.csproj" />
  <Project Path="Exoa.TouchCameraPro.Scripts.csproj" />
  <Project Path="Unity.Searcher.Editor.csproj" />
  <Project Path="Unity.Burst.csproj" />
  <Project Path="UnityEngine.UI.csproj" />
  <Project Path="OutlineV2.URP.csproj" />
  <Project Path="Unity.VisualStudio.Editor.csproj" />
  <Project Path="Zenject-ReflectionBaking-Editor.csproj" />
  <Project Path="PPv2URPConverters.csproj" />
  <Project Path="Unity.Postprocessing.Runtime.csproj" />
  <Project Path="Nobi.UiRoundedCorners.csproj" />
  <Project Path="Zenject-Editor.csproj" />
  <Project Path="Unity.Burst.CodeGen.csproj" />
  <Project Path="TypeReferences.csproj" />
  <Project Path="Unity.RenderPipeline.Universal.ShaderLibrary.csproj" />
  <Project Path="Unity.Postprocessing.Editor.csproj" />
  <Project Path="Exoa.Commons.Scripts.Touch.csproj" />
  <Project Path="IngameDebugConsole.Runtime.csproj" />
  <Project Path="Unity.TextMeshPro.csproj" />
  <Project Path="OutlineV2.URP.Editor.csproj" />
  <Project Path="Tayx.Graphy.csproj" />
  <Project Path="SolidUtilities.Editor.csproj" />
  <Project Path="UnityDropdown.Editor.csproj" />
  <Project Path="Unity.InputSystem.TestFramework.csproj" />
  <Project Path="Assembly-CSharp-firstpass.csproj" />
  <Project Path="Tayx.Graphy.Customization.csproj" />
  <Project Path="Exoa.TouchCameraPro.Editor.csproj" />
  <Project Path="UniRx.Examples.csproj" />
  <Project Path="Unity.Burst.Editor.csproj" />
  <Project Path="Unity.2D.Sprite.Editor.csproj" />
  <Project Path="Exoa.Commons.Scripts.Maths.csproj" />
  <Project Path="Unity.RenderPipelines.Universal.2D.Internal.csproj" />
  <Project Path="Exoa.Commons.Scripts.Extensions.csproj" />
  <Project Path="Assembly-CSharp-Editor.csproj" />
  <Project Path="Zenject-TestFramework.csproj" />
  <Project Path="Unity.Settings.Editor.csproj" />
  <Project Path="TypeReferences.Editor.csproj" />
  <Project Path="MackySoft.SerializeReferenceExtensions.csproj" />
  <Project Path="MackySoft.SerializeReferenceExtensions.Editor.csproj" />
  <Project Path="Tayx.Graphy.Editor.csproj" />
  <Project Path="Unity.ShaderGraph.Utilities.csproj" />
  <Project Path="RotaryHeart.csproj" />
  <Project Path="Unity.InputSystem.ForUI.csproj" />
  <Project Path="Unity.Mathematics.Editor.csproj" />
  <Project Path="Zenject-PoolMonitor-Editor.csproj" />
  <Project Path="IngameDebugConsole.Editor.csproj" />
  <Project Path="Unity.RenderPipelines.Universal.Config.Runtime.csproj" />
  <Project Path="Unity.RenderPipelines.ShaderGraph.ShaderGraphLibrary.csproj" />
  <Project Path="Unity.RenderPipelines.Core.ShaderLibrary.csproj" />
  <Project Path="Unity.RenderPipelines.Universal.Shaders.csproj" />
  <Project Path="ParadoxNotion.FlowCanvas.Player.csproj" />
  <Project Path="Unity.Timeline.Player.csproj" />
  <Project Path="Unity.InputSystem.Player.csproj" />
  <Project Path="ParadoxNotion.Player.csproj" />
  <Project Path="Zenject.Player.csproj" />
  <Project Path="Assembly-CSharp.Player.csproj" />
  <Project Path="Unity.RenderPipelines.Universal.Runtime.Player.csproj" />
  <Project Path="SolidUtilities.Player.csproj" />
  <Project Path="Unity.RenderPipelines.Core.Runtime.Player.csproj" />
  <Project Path="Zenject-IntegrationTests.Player.csproj" />
  <Project Path="Unity.Mathematics.Player.csproj" />
  <Project Path="ParadoxNotion.NodeCanvas.Player.csproj" />
  <Project Path="UniRx.Player.csproj" />
  <Project Path="Zenject-IntegrationTests-Editor.Player.csproj" />
  <Project Path="UnityEngine.TestRunner.Player.csproj" />
  <Project Path="Exoa.TouchCameraPro.Scripts.Player.csproj" />
  <Project Path="Unity.Burst.Player.csproj" />
  <Project Path="UnityEngine.UI.Player.csproj" />
  <Project Path="OutlineV2.URP.Player.csproj" />
  <Project Path="Unity.Postprocessing.Runtime.Player.csproj" />
  <Project Path="Nobi.UiRoundedCorners.Player.csproj" />
  <Project Path="TypeReferences.Player.csproj" />
  <Project Path="Unity.RenderPipeline.Universal.ShaderLibrary.Player.csproj" />
  <Project Path="Exoa.Commons.Scripts.Touch.Player.csproj" />
  <Project Path="IngameDebugConsole.Runtime.Player.csproj" />
  <Project Path="Unity.TextMeshPro.Player.csproj" />
  <Project Path="Tayx.Graphy.Player.csproj" />
  <Project Path="Unity.InputSystem.TestFramework.Player.csproj" />
  <Project Path="Assembly-CSharp-firstpass.Player.csproj" />
  <Project Path="Tayx.Graphy.Customization.Player.csproj" />
  <Project Path="UniRx.Examples.Player.csproj" />
  <Project Path="Exoa.Commons.Scripts.Maths.Player.csproj" />
  <Project Path="Unity.RenderPipelines.Universal.2D.Internal.Player.csproj" />
  <Project Path="Exoa.Commons.Scripts.Extensions.Player.csproj" />
  <Project Path="MackySoft.SerializeReferenceExtensions.Player.csproj" />
  <Project Path="Unity.InputSystem.ForUI.Player.csproj" />
  <Project Path="Unity.RenderPipelines.Universal.Config.Runtime.Player.csproj" />
  <Project Path="Unity.RenderPipelines.ShaderGraph.ShaderGraphLibrary.Player.csproj" />
  <Project Path="Unity.RenderPipelines.Core.ShaderLibrary.Player.csproj" />
  <Project Path="Unity.RenderPipelines.Universal.Shaders.Player.csproj" />
</Solution>
